
Microsoft Visual Studio Solution File, Format Version 12.00
# Visual Studio Version 17
VisualStudioVersion = 17.3.32922.545
MinimumVisualStudioVersion = 10.0.40219.1
Project("{FAE04EC0-301F-11D3-BF4B-00C04F79EFBC}") = "mf- apis- web- services- fuel- manager", "mf- apis- web- services- fuel- manager\mf- apis- web- services- fuel- manager.csproj", "{FF11D982-F879-46B3-A705-B8C75CF0016B}"
EndProject
Global
	GlobalSection(SolutionConfigurationPlatforms) = preSolution
		Debug|Any CPU = Debug|Any CPU
		Release|Any CPU = Release|Any CPU
	EndGlobalSection
	GlobalSection(ProjectConfigurationPlatforms) = postSolution
		{FF11D982-F879-46B3-A705-B8C75CF0016B}.Debug|Any CPU.ActiveCfg = Debug|Any CPU
		{FF11D982-F879-46B3-A705-B8C75CF0016B}.Debug|Any CPU.Build.0 = Debug|Any CPU
		{FF11D982-F879-46B3-A705-B8C75CF0016B}.Release|Any CPU.ActiveCfg = Release|Any CPU
		{FF11D982-F879-46B3-A705-B8C75CF0016B}.Release|Any CPU.Build.0 = Release|Any CPU
	EndGlobalSection
	GlobalSection(SolutionProperties) = preSolution
		HideSolutionNode = FALSE
	EndGlobalSection
	GlobalSection(ExtensibilityGlobals) = postSolution
		SolutionGuid = {C244274F-3D40-4F64-9FDA-995E0E0C9C39}
	EndGlobalSection
EndGlobal
